
Microsoft Visual Studio Solution File, Format Version 12.00
# Visual Studio 15
VisualStudioVersion = 15.0.28307.271
MinimumVisualStudioVersion = 10.0.40219.1
Project("{FAE04EC0-301F-11D3-BF4B-00C04F79EFBC}") = "BrownianMotion", "BrownianMotion\BrownianMotion.csproj", "{5306CA8E-D9E4-401E-B3F4-E28E8A2C4A51}"
EndProject
Project("{FAE04EC0-301F-11D3-BF4B-00C04F79EFBC}") = "Fractals. Polygones", "Fractals. Polygones\Fractals. Polygones.csproj", "{8F4B9DAF-422F-4D0F-82C4-F8CD09D1A27D}"
EndProject
Global
	GlobalSection(SolutionConfigurationPlatforms) = preSolution
		Debug|Any CPU = Debug|Any CPU
		Release|Any CPU = Release|Any CPU
	EndGlobalSection
	GlobalSection(ProjectConfigurationPlatforms) = postSolution
		{5306CA8E-D9E4-401E-B3F4-E28E8A2C4A51}.Debug|Any CPU.ActiveCfg = Debug|Any CPU
		{5306CA8E-D9E4-401E-B3F4-E28E8A2C4A51}.Debug|Any CPU.Build.0 = Debug|Any CPU
		{5306CA8E-D9E4-401E-B3F4-E28E8A2C4A51}.Release|Any CPU.ActiveCfg = Release|Any CPU
		{5306CA8E-D9E4-401E-B3F4-E28E8A2C4A51}.Release|Any CPU.Build.0 = Release|Any CPU
		{8F4B9DAF-422F-4D0F-82C4-F8CD09D1A27D}.Debug|Any CPU.ActiveCfg = Debug|Any CPU
		{8F4B9DAF-422F-4D0F-82C4-F8CD09D1A27D}.Debug|Any CPU.Build.0 = Debug|Any CPU
		{8F4B9DAF-422F-4D0F-82C4-F8CD09D1A27D}.Release|Any CPU.ActiveCfg = Release|Any CPU
		{8F4B9DAF-422F-4D0F-82C4-F8CD09D1A27D}.Release|Any CPU.Build.0 = Release|Any CPU
	EndGlobalSection
	GlobalSection(SolutionProperties) = preSolution
		HideSolutionNode = FALSE
	EndGlobalSection
	GlobalSection(ExtensibilityGlobals) = postSolution
		SolutionGuid = {299D0B84-1B9B-466A-B7EC-BCCDA31012CB}
	EndGlobalSection
EndGlobal
